
Microsoft Visual Studio Solution File, Format Version 12.00
# Visual Studio Version 17
VisualStudioVersion = 17.9.34622.214
MinimumVisualStudioVersion = 10.0.40219.1
Project("{FAE04EC0-301F-11D3-BF4B-00C04F79EFBC}") = "Uji coba modbus multiclient", "Uji coba modbus multiclient\Uji coba modbus multiclient.csproj", "{B8C4345B-BB1F-4734-BBB4-CBC56C6E0BEE}"
EndProject
Global
	GlobalSection(SolutionConfigurationPlatforms) = preSolution
		Debug|Any CPU = Debug|Any CPU
		Release|Any CPU = Release|Any CPU
	EndGlobalSection
	GlobalSection(ProjectConfigurationPlatforms) = postSolution
		{B8C4345B-BB1F-4734-BBB4-CBC56C6E0BEE}.Debug|Any CPU.ActiveCfg = Debug|Any CPU
		{B8C4345B-BB1F-4734-BBB4-CBC56C6E0BEE}.Debug|Any CPU.Build.0 = Debug|Any CPU
		{B8C4345B-BB1F-4734-BBB4-CBC56C6E0BEE}.Release|Any CPU.ActiveCfg = Release|Any CPU
		{B8C4345B-BB1F-4734-BBB4-CBC56C6E0BEE}.Release|Any CPU.Build.0 = Release|Any CPU
	EndGlobalSection
	GlobalSection(SolutionProperties) = preSolution
		HideSolutionNode = FALSE
	EndGlobalSection
	GlobalSection(ExtensibilityGlobals) = postSolution
		SolutionGuid = {51A1F25E-BA8E-4DB5-88C1-28ACC78EFF86}
	EndGlobalSection
EndGlobal
